
Microsoft Visual Studio Solution File, Format Version 12.00
# Visual Studio 2012
Project("{FAE04EC0-301F-11D3-BF4B-00C04F79EFBC}") = "CronService", "CronService.csproj", "{535542F3-C60F-465F-9CCA-1CF33BC35344}"
EndProject
Project("{FAE04EC0-301F-11D3-BF4B-00C04F79EFBC}") = "CronServiceInstaller", "..\CronServiceInstaller\CronServiceInstaller.csproj", "{526618AE-7C40-434E-949C-3A44B168B34F}"
EndProject
Global
	GlobalSection(SolutionConfigurationPlatforms) = preSolution
		Debug|Any CPU = Debug|Any CPU
		Release|Any CPU = Release|Any CPU
	EndGlobalSection
	GlobalSection(ProjectConfigurationPlatforms) = postSolution
		{535542F3-C60F-465F-9CCA-1CF33BC35344}.Debug|Any CPU.ActiveCfg = Debug|Any CPU
		{535542F3-C60F-465F-9CCA-1CF33BC35344}.Debug|Any CPU.Build.0 = Debug|Any CPU
		{535542F3-C60F-465F-9CCA-1CF33BC35344}.Release|Any CPU.ActiveCfg = Release|Any CPU
		{535542F3-C60F-465F-9CCA-1CF33BC35344}.Release|Any CPU.Build.0 = Release|Any CPU
		{526618AE-7C40-434E-949C-3A44B168B34F}.Debug|Any CPU.ActiveCfg = Debug|Any CPU
		{526618AE-7C40-434E-949C-3A44B168B34F}.Debug|Any CPU.Build.0 = Debug|Any CPU
		{526618AE-7C40-434E-949C-3A44B168B34F}.Release|Any CPU.ActiveCfg = Release|Any CPU
		{526618AE-7C40-434E-949C-3A44B168B34F}.Release|Any CPU.Build.0 = Release|Any CPU
	EndGlobalSection
	GlobalSection(SolutionProperties) = preSolution
		HideSolutionNode = FALSE
	EndGlobalSection
EndGlobal
